{
  "name": "schoolconnect-front",
  "lockfileVersion": 3,
  "requires": true,
  "packages": {
    "": {
      "dependencies": {
        "js-base64": "^3.7.4"
      }
    },
    "node_modules/js-base64": {
      "version": "3.7.4",
      "resolved": "https://registry.npmmirror.com/js-base64/-/js-base64-3.7.4.tgz",
      "integrity": "sha512-wpM/wi20Tl+3ifTyi0RdDckS4YTD4Lf953mBRrpG8547T7hInHNPEj8+ck4gB8VDcGyeAWFK++Wb/fU1BeavKQ=="
    }
  }
}
